{
    "_readme": [
        "This file locks the dependencies of your project to a known state",
        "Read more about it at https://getcomposer.org/doc/01-basic-usage.md#installing-dependencies",
        "This file is @generated automatically"
    ],
    "content-hash": "c02ddc5201156ca1848f61804343a619",
    "packages": [
        {
            "name": "mlocati/ip-lib",
            "version": "dev-master",
            "source": {
                "type": "git",
                "url": "https://github.com/mlocati/ip-lib.git",
                "reference": "6fec056ea3ca0657ceec59db64edaa835f119be3"
            },
            "dist": {
                "type": "zip",
                "url": "https://api.github.com/repos/mlocati/ip-lib/zipball/6fec056ea3ca0657ceec59db64edaa835f119be3",
                "reference": "6fec056ea3ca0657ceec59db64edaa835f119be3",
                "shasum": ""
            },
            "require": {
                "php": ">=5.3.3"
            },
            "require-dev": {
                "ext-pdo_sqlite": "*",
                "phpunit/phpunit": "^4.8 || ^5.7 || ^6.5 || ^7.5 || ^8.5 || ^9.5"
            },
            "default-branch": true,
            "type": "library",
            "autoload": {
                "psr-4": {
                    "IPLib\\": "src/"
                }
            },
            "notification-url": "https://packagist.org/downloads/",
            "license": [
                "MIT"
            ],
            "authors": [
                {
                    "name": "Michele Locati",
                    "email": "mlocati@gmail.com",
                    "homepage": "https://github.com/mlocati",
                    "role": "Author"
                }
            ],
            "description": "Handle IPv4, IPv6 addresses and ranges",
            "homepage": "https://github.com/mlocati/ip-lib",
            "keywords": [
                "IP",
                "address",
                "addresses",
                "ipv4",
                "ipv6",
                "manage",
                "managing",
                "matching",
                "network",
                "networking",
                "range",
                "subnet"
            ],
            "support": {
                "issues": "https://github.com/mlocati/ip-lib/issues",
                "source": "https://github.com/mlocati/ip-lib/tree/master"
            },
            "funding": [
                {
                    "url": "https://github.com/sponsors/mlocati",
                    "type": "github"
                },
                {
                    "url": "https://paypal.me/mlocati",
                    "type": "other"
                }
            ],
            "time": "2022-11-04T21:44:49+00:00"
        },
        {
            "name": "siddharth/package-for-php-8-only",
            "version": "dev-master",
            "source": {
                "type": "git",
                "url": "https://github.com/Sidsector9/package-for-php-8-only.git",
                "reference": "e9502a9842bc33e7493ed5e6768c4ef33e26d69f"
            },
            "require": {
                "php": ">=8.0"
            },
            "default-branch": true,
            "type": "library",
            "autoload": {
                "psr-4": {
                    "Siddharth\\": "src/"
                }
            },
            "time": "2023-08-02T15:12:04+00:00"
        },
        {
            "name": "siddharth/wp-utils",
            "version": "dev-master",
            "source": {
                "type": "git",
                "url": "https://github.com/Sidsector9/wp-utils.git",
                "reference": "12359ce034f3a0c9b17a2318298ef9f760a26857"
            },
            "default-branch": true,
            "type": "library",
            "autoload": {
                "psr-4": {
                    "Siddharth\\": "src/"
                }
            },
            "time": "2023-07-31T10:49:42+00:00"
        }
    ],
    "packages-dev": [],
    "aliases": [],
    "minimum-stability": "dev",
    "stability-flags": {
        "mlocati/ip-lib": 20,
        "siddharth/package-for-php-8-only": 20,
        "siddharth/wp-utils": 20
    },
    "prefer-stable": false,
    "prefer-lowest": false,
    "platform": [],
    "platform-dev": [],
    "plugin-api-version": "2.3.0"
}
