{
  "name": "restricted-site-access",
  "requires": true,
  "lockfileVersion": 1,
  "dependencies": {
    "grunt-phpunit": {
      "version": "0.3.6",
      "resolved": "https://registry.npmjs.org/grunt-phpunit/-/grunt-phpunit-0.3.6.tgz",
      "integrity": "sha1-DnW+5rXC5l/aRQdWcqBs6yzs2Gk=",
      "dev": true
    }
  }
}
